// !$*UTF8*$!
{
	archiveVersion = 1;
	classes = {
	};
	objectVersion = 50;
	objects = {

/* Begin PBXBuildFile section */
		214F5F8E243C96670061FC45 /* AppDelegate.swift in Sources */ = {isa = PBXBuildFile; fileRef = 214F5F8D243C96670061FC45 /* AppDelegate.swift */; };
		214F5F90243C96670061FC45 /* SceneDelegate.swift in Sources */ = {isa = PBXBuildFile; fileRef = 214F5F8F243C96670061FC45 /* SceneDelegate.swift */; };
		214F5F92243C96670061FC45 /* ViewController.swift in Sources */ = {isa = PBXBuildFile; fileRef = 214F5F91243C96670061FC45 /* ViewController.swift */; };
		214F5F95243C96670061FC45 /* Map.storyboard in Resources */ = {isa = PBXBuildFile; fileRef = 214F5F93243C96670061FC45 /* Map.storyboard */; };
		214F5F97243C96690061FC45 /* Assets.xcassets in Resources */ = {isa = PBXBuildFile; fileRef = 214F5F96243C96690061FC45 /* Assets.xcassets */; };
		214F5F9A243C96690061FC45 /* LaunchScreen.storyboard in Resources */ = {isa = PBXBuildFile; fileRef = 214F5F98243C96690061FC45 /* LaunchScreen.storyboard */; };
		214F5FA8243CB5A90061FC45 /* MapViewController.swift in Sources */ = {isa = PBXBuildFile; fileRef = 214F5FA7243CB5A90061FC45 /* MapViewController.swift */; };
/* End PBXBuildFile section */

/* Begin PBXFileReference section */
		214F5F8A243C96670061FC45 /* NaNMap.app */ = {isa = PBXFileReference; explicitFileType = wrapper.application; includeInIndex = 0; path = NaNMap.app; sourceTree = BUILT_PRODUCTS_DIR; };
		214F5F8D243C96670061FC45 /* AppDelegate.swift */ = {isa = PBXFileReference; lastKnownFileType = sourcecode.swift; path = AppDelegate.swift; sourceTree = "<group>"; };
		214F5F8F243C96670061FC45 /* SceneDelegate.swift */ = {isa = PBXFileReference; lastKnownFileType = sourcecode.swift; path = SceneDelegate.swift; sourceTree = "<group>"; };
		214F5F91243C96670061FC45 /* ViewController.swift */ = {isa = PBXFileReference; lastKnownFileType = sourcecode.swift; path = ViewController.swift; sourceTree = "<group>"; };
		214F5F94243C96670061FC45 /* Base */ = {isa = PBXFileReference; lastKnownFileType = file.storyboard; name = Base; path = Base.lproj/Map.storyboard; sourceTree = "<group>"; };
		214F5F96243C96690061FC45 /* Assets.xcassets */ = {isa = PBXFileReference; lastKnownFileType = folder.assetcatalog; path = Assets.xcassets; sourceTree = "<group>"; };
		214F5F99243C96690061FC45 /* Base */ = {isa = PBXFileReference; lastKnownFileType = file.storyboard; name = Base; path = Base.lproj/LaunchScreen.storyboard; sourceTree = "<group>"; };
		214F5F9B243C96690061FC45 /* Info.plist */ = {isa = PBXFileReference; lastKnownFileType = text.plist.xml; path = Info.plist; sourceTree = "<group>"; };
		214F5FA7243CB5A90061FC45 /* MapViewController.swift */ = {isa = PBXFileReference; lastKnownFileType = sourcecode.swift; path = MapViewController.swift; sourceTree = "<group>"; };
/* End PBXFileReference section */

/* Begin PBXFrameworksBuildPhase section */
		214F5F87243C96670061FC45 /* Frameworks */ = {
			isa = PBXFrameworksBuildPhase;
			buildActionMask = 2147483647;
			files = (
			);
			runOnlyForDeploymentPostprocessing = 0;
		};
/* End PBXFrameworksBuildPhase section */

/* Begin PBXGroup section */
		214F5F81243C96670061FC45 = {
			isa = PBXGroup;
			children = (
				214F5F8C243C96670061FC45 /* NaNMap */,
				214F5F8B243C96670061FC45 /* Products */,
			);
			sourceTree = "<group>";
		};
		214F5F8B243C96670061FC45 /* Products */ = {
			isa = PBXGroup;
			children = (
				214F5F8A243C96670061FC45 /* NaNMap.app */,
			);
			name = Products;
			sourceTree = "<group>";
		};
		214F5F8C243C96670061FC45 /* NaNMap */ = {
			isa = PBXGroup;
			children = (
				214F5F8D243C96670061FC45 /* AppDelegate.swift */,
				214F5FA1243C9AF40061FC45 /* Storyboard */,
				214F5FA2243C9B310061FC45 /* Controller */,
				214F5FA4243C9B540061FC45 /* Presenter */,
				214F5FA5243C9B680061FC45 /* Model */,
				214F5F8F243C96670061FC45 /* SceneDelegate.swift */,
				214F5F91243C96670061FC45 /* ViewController.swift */,
				214F5F96243C96690061FC45 /* Assets.xcassets */,
				214F5F98243C96690061FC45 /* LaunchScreen.storyboard */,
				214F5F9B243C96690061FC45 /* Info.plist */,
			);
			path = NaNMap;
			sourceTree = "<group>";
		};
		214F5FA1243C9AF40061FC45 /* Storyboard */ = {
			isa = PBXGroup;
			children = (
				214F5F93243C96670061FC45 /* Map.storyboard */,
			);
			path = Storyboard;
			sourceTree = "<group>";
		};
		214F5FA2243C9B310061FC45 /* Controller */ = {
			isa = PBXGroup;
			children = (
				214F5FA7243CB5A90061FC45 /* MapViewController.swift */,
			);
			path = Controller;
			sourceTree = "<group>";
		};
		214F5FA4243C9B540061FC45 /* Presenter */ = {
			isa = PBXGroup;
			children = (
			);
			path = Presenter;
			sourceTree = "<group>";
		};
		214F5FA5243C9B680061FC45 /* Model */ = {
			isa = PBXGroup;
			children = (
				214F5FA6243C9B730061FC45 /* Entity */,
			);
			path = Model;
			sourceTree = "<group>";
		};
		214F5FA6243C9B730061FC45 /* Entity */ = {
			isa = PBXGroup;
			children = (
			);
			path = Entity;
			sourceTree = "<group>";
		};
/* End PBXGroup section */

/* Begin PBXNativeTarget section */
		214F5F89243C96670061FC45 /* NaNMap */ = {
			isa = PBXNativeTarget;
			buildConfigurationList = 214F5F9E243C96690061FC45 /* Build configuration list for PBXNativeTarget "NaNMap" */;
			buildPhases = (
				214F5F86243C96670061FC45 /* Sources */,
				214F5F87243C96670061FC45 /* Frameworks */,
				214F5F88243C96670061FC45 /* Resources */,
			);
			buildRules = (
			);
			dependencies = (
			);
			name = NaNMap;
			productName = NaNMap;
			productReference = 214F5F8A243C96670061FC45 /* NaNMap.app */;
			productType = "com.apple.product-type.application";
		};
/* End PBXNativeTarget section */

/* Begin PBXProject section */
		214F5F82243C96670061FC45 /* Project object */ = {
			isa = PBXProject;
			attributes = {
				LastSwiftUpdateCheck = 1130;
				LastUpgradeCheck = 1130;
				ORGANIZATIONNAME = "ryunosuke ota";
				TargetAttributes = {
					214F5F89243C96670061FC45 = {
						CreatedOnToolsVersion = 11.3.1;
					};
				};
			};
			buildConfigurationList = 214F5F85243C96670061FC45 /* Build configuration list for PBXProject "NaNMap" */;
			compatibilityVersion = "Xcode 9.3";
			developmentRegion = en;
			hasScannedForEncodings = 0;
			knownRegions = (
				en,
				Base,
			);
			mainGroup = 214F5F81243C96670061FC45;
			productRefGroup = 214F5F8B243C96670061FC45 /* Products */;
			projectDirPath = "";
			projectRoot = "";
			targets = (
				214F5F89243C96670061FC45 /* NaNMap */,
			);
		};
/* End PBXProject section */

/* Begin PBXResourcesBuildPhase section */
		214F5F88243C96670061FC45 /* Resources */ = {
			isa = PBXResourcesBuildPhase;
			buildActionMask = 2147483647;
			files = (
				214F5F9A243C96690061FC45 /* LaunchScreen.storyboard in Resources */,
				214F5F97243C96690061FC45 /* Assets.xcassets in Resources */,
				214F5F95243C96670061FC45 /* Map.storyboard in Resources */,
			);
			runOnlyForDeploymentPostprocessing = 0;
		};
/* End PBXResourcesBuildPhase section */

/* Begin PBXSourcesBuildPhase section */
		214F5F86243C96670061FC45 /* Sources */ = {
			isa = PBXSourcesBuildPhase;
			buildActionMask = 2147483647;
			files = (
				214F5F92243C96670061FC45 /* ViewController.swift in Sources */,
				214F5F8E243C96670061FC45 /* AppDelegate.swift in Sources */,
				214F5F90243C96670061FC45 /* SceneDelegate.swift in Sources */,
				214F5FA8243CB5A90061FC45 /* MapViewController.swift in Sources */,
			);
			runOnlyForDeploymentPostprocessing = 0;
		};
/* End PBXSourcesBuildPhase section */

/* Begin PBXVariantGroup section */
		214F5F93243C96670061FC45 /* Map.storyboard */ = {
			isa = PBXVariantGroup;
			children = (
				214F5F94243C96670061FC45 /* Base */,
			);
			name = Map.storyboard;
			sourceTree = "<group>";
		};
		214F5F98243C96690061FC45 /* LaunchScreen.storyboard */ = {
			isa = PBXVariantGroup;
			children = (
				214F5F99243C96690061FC45 /* Base */,
			);
			name = LaunchScreen.storyboard;
			sourceTree = "<group>";
		};
/* End PBXVariantGroup section */

/* Begin XCBuildConfiguration section */
		214F5F9C243C96690061FC45 /* Debug */ = {
			isa = XCBuildConfiguration;
			buildSettings = {
				ALWAYS_SEARCH_USER_PATHS = NO;
				CLANG_ANALYZER_NONNULL = YES;
				CLANG_ANALYZER_NUMBER_OBJECT_CONVERSION = YES_AGGRESSIVE;
				CLANG_CXX_LANGUAGE_STANDARD = "gnu++14";
				CLANG_CXX_LIBRARY = "libc++";
				CLANG_ENABLE_MODULES = YES;
				CLANG_ENABLE_OBJC_ARC = YES;
				CLANG_ENABLE_OBJC_WEAK = YES;
				CLANG_WARN_BLOCK_CAPTURE_AUTORELEASING = YES;
				CLANG_WARN_BOOL_CONVERSION = YES;
				CLANG_WARN_COMMA = YES;
				CLANG_WARN_CONSTANT_CONVERSION = YES;
				CLANG_WARN_DEPRECATED_OBJC_IMPLEMENTATIONS = YES;
				CLANG_WARN_DIRECT_OBJC_ISA_USAGE = YES_ERROR;
				CLANG_WARN_DOCUMENTATION_COMMENTS = YES;
				CLANG_WARN_EMPTY_BODY = YES;
				CLANG_WARN_ENUM_CONVERSION = YES;
				CLANG_WARN_INFINITE_RECURSION = YES;
				CLANG_WARN_INT_CONVERSION = YES;
				CLANG_WARN_NON_LITERAL_NULL_CONVERSION = YES;
				CLANG_WARN_OBJC_IMPLICIT_RETAIN_SELF = YES;
				CLANG_WARN_OBJC_LITERAL_CONVERSION = YES;
				CLANG_WARN_OBJC_ROOT_CLASS = YES_ERROR;
				CLANG_WARN_RANGE_LOOP_ANALYSIS = YES;
				CLANG_WARN_STRICT_PROTOTYPES = YES;
				CLANG_WARN_SUSPICIOUS_MOVE = YES;
				CLANG_WARN_UNGUARDED_AVAILABILITY = YES_AGGRESSIVE;
				CLANG_WARN_UNREACHABLE_CODE = YES;
				CLANG_WARN__DUPLICATE_METHOD_MATCH = YES;
				COPY_PHASE_STRIP = NO;
				DEBUG_INFORMATION_FORMAT = dwarf;
				ENABLE_STRICT_OBJC_MSGSEND = YES;
				ENABLE_TESTABILITY = YES;
				GCC_C_LANGUAGE_STANDARD = gnu11;
				GCC_DYNAMIC_NO_PIC = NO;
				GCC_NO_COMMON_BLOCKS = YES;
				GCC_OPTIMIZATION_LEVEL = 0;
				GCC_PREPROCESSOR_DEFINITIONS = (
					"DEBUG=1",
					"$(inherited)",
				);
				GCC_WARN_64_TO_32_BIT_CONVERSION = YES;
				GCC_WARN_ABOUT_RETURN_TYPE = YES_ERROR;
				GCC_WARN_UNDECLARED_SELECTOR = YES;
				GCC_WARN_UNINITIALIZED_AUTOS = YES_AGGRESSIVE;
				GCC_WARN_UNUSED_FUNCTION = YES;
				GCC_WARN_UNUSED_VARIABLE = YES;
				IPHONEOS_DEPLOYMENT_TARGET = 13.2;
				MTL_ENABLE_DEBUG_INFO = INCLUDE_SOURCE;
				MTL_FAST_MATH = YES;
				ONLY_ACTIVE_ARCH = YES;
				SDKROOT = iphoneos;
				SWIFT_ACTIVE_COMPILATION_CONDITIONS = DEBUG;
				SWIFT_OPTIMIZATION_LEVEL = "-Onone";
			};
			name = Debug;
		};
		214F5F9D243C96690061FC45 /* Release */ = {
			isa = XCBuildConfiguration;
			buildSettings = {
				ALWAYS_SEARCH_USER_PATHS = NO;
				CLANG_ANALYZER_NONNULL = YES;
				CLANG_ANALYZER_NUMBER_OBJECT_CONVERSION = YES_AGGRESSIVE;
				CLANG_CXX_LANGUAGE_STANDARD = "gnu++14";
				CLANG_CXX_LIBRARY = "libc++";
				CLANG_ENABLE_MODULES = YES;
				CLANG_ENABLE_OBJC_ARC = YES;
				CLANG_ENABLE_OBJC_WEAK = YES;
				CLANG_WARN_BLOCK_CAPTURE_AUTORELEASING = YES;
				CLANG_WARN_BOOL_CONVERSION = YES;
				CLANG_WARN_COMMA = YES;
				CLANG_WARN_CONSTANT_CONVERSION = YES;
				CLANG_WARN_DEPRECATED_OBJC_IMPLEMENTATIONS = YES;
				CLANG_WARN_DIRECT_OBJC_ISA_USAGE = YES_ERROR;
				CLANG_WARN_DOCUMENTATION_COMMENTS = YES;
				CLANG_WARN_EMPTY_BODY = YES;
				CLANG_WARN_ENUM_CONVERSION = YES;
				CLANG_WARN_INFINITE_RECURSION = YES;
				CLANG_WARN_INT_CONVERSION = YES;
				CLANG_WARN_NON_LITERAL_NULL_CONVERSION = YES;
				CLANG_WARN_OBJC_IMPLICIT_RETAIN_SELF = YES;
				CLANG_WARN_OBJC_LITERAL_CONVERSION = YES;
				CLANG_WARN_OBJC_ROOT_CLASS = YES_ERROR;
				CLANG_WARN_RANGE_LOOP_ANALYSIS = YES;
				CLANG_WARN_STRICT_PROTOTYPES = YES;
				CLANG_WARN_SUSPICIOUS_MOVE = YES;
				CLANG_WARN_UNGUARDED_AVAILABILITY = YES_AGGRESSIVE;
				CLANG_WARN_UNREACHABLE_CODE = YES;
				CLANG_WARN__DUPLICATE_METHOD_MATCH = YES;
				COPY_PHASE_STRIP = NO;
				DEBUG_INFORMATION_FORMAT = "dwarf-with-dsym";
				ENABLE_NS_ASSERTIONS = NO;
				ENABLE_STRICT_OBJC_MSGSEND = YES;
				GCC_C_LANGUAGE_STANDARD = gnu11;
				GCC_NO_COMMON_BLOCKS = YES;
				GCC_WARN_64_TO_32_BIT_CONVERSION = YES;
				GCC_WARN_ABOUT_RETURN_TYPE = YES_ERROR;
				GCC_WARN_UNDECLARED_SELECTOR = YES;
				GCC_WARN_UNINITIALIZED_AUTOS = YES_AGGRESSIVE;
				GCC_WARN_UNUSED_FUNCTION = YES;
				GCC_WARN_UNUSED_VARIABLE = YES;
				IPHONEOS_DEPLOYMENT_TARGET = 13.2;
				MTL_ENABLE_DEBUG_INFO = NO;
				MTL_FAST_MATH = YES;
				SDKROOT = iphoneos;
				SWIFT_COMPILATION_MODE = wholemodule;
				SWIFT_OPTIMIZATION_LEVEL = "-O";
				VALIDATE_PRODUCT = YES;
			};
			name = Release;
		};
		214F5F9F243C96690061FC45 /* Debug */ = {
			isa = XCBuildConfiguration;
			buildSettings = {
				ASSETCATALOG_COMPILER_APPICON_NAME = AppIcon;
				CODE_SIGN_STYLE = Automatic;
				DEVELOPMENT_TEAM = SZEV52VERK;
				INFOPLIST_FILE = NaNMap/Info.plist;
				LD_RUNPATH_SEARCH_PATHS = (
					"$(inherited)",
					"@executable_path/Frameworks",
				);
				PRODUCT_BUNDLE_IDENTIFIER = jp.ryunosuke.NaNMap;
				PRODUCT_NAME = "$(TARGET_NAME)";
				SWIFT_VERSION = 5.0;
				TARGETED_DEVICE_FAMILY = "1,2";
			};
			name = Debug;
		};
		214F5FA0243C96690061FC45 /* Release */ = {
			isa = XCBuildConfiguration;
			buildSettings = {
				ASSETCATALOG_COMPILER_APPICON_NAME = AppIcon;
				CODE_SIGN_STYLE = Automatic;
				DEVELOPMENT_TEAM = SZEV52VERK;
				INFOPLIST_FILE = NaNMap/Info.plist;
				LD_RUNPATH_SEARCH_PATHS = (
					"$(inherited)",
					"@executable_path/Frameworks",
				);
				PRODUCT_BUNDLE_IDENTIFIER = jp.ryunosuke.NaNMap;
				PRODUCT_NAME = "$(TARGET_NAME)";
				SWIFT_VERSION = 5.0;
				TARGETED_DEVICE_FAMILY = "1,2";
			};
			name = Release;
		};
/* End XCBuildConfiguration section */

/* Begin XCConfigurationList section */
		214F5F85243C96670061FC45 /* Build configuration list for PBXProject "NaNMap" */ = {
			isa = XCConfigurationList;
			buildConfigurations = (
				214F5F9C243C96690061FC45 /* Debug */,
				214F5F9D243C96690061FC45 /* Release */,
			);
			defaultConfigurationIsVisible = 0;
			defaultConfigurationName = Release;
		};
		214F5F9E243C96690061FC45 /* Build configuration list for PBXNativeTarget "NaNMap" */ = {
			isa = XCConfigurationList;
			buildConfigurations = (
				214F5F9F243C96690061FC45 /* Debug */,
				214F5FA0243C96690061FC45 /* Release */,
			);
			defaultConfigurationIsVisible = 0;
			defaultConfigurationName = Release;
		};
/* End XCConfigurationList section */
	};
	rootObject = 214F5F82243C96670061FC45 /* Project object */;
}
